
Microsoft Visual Studio Solution File, Format Version 12.00
# Visual Studio 15
Project("{FAE04EC0-301F-11D3-BF4B-00C04F79EFBC}") = "ChaChaMobile", "ChaChaMobile\ChaChaMobile.csproj", "{E2ACAD68-A290-4F20-9760-ED860F906550}"
EndProject
Project("{2150E333-8FDC-42A3-9474-1A3956D46DE8}") = "Solution Items", "Solution Items", "{C55695F1-2D26-491F-9ADA-20C39D0E8BA7}"
EndProject
Project("{FAE04EC0-301F-11D3-BF4B-00C04F79EFBC}") = "QRscanner", "..\QRscanner\QRscanner\QRscanner.csproj", "{8AEA81EA-998C-4705-897F-23C4B02F6AD2}"
EndProject
Project("{FAE04EC0-301F-11D3-BF4B-00C04F79EFBC}") = "walletservice", "ChaChaMobile\walletservice\walletservice\walletservice.csproj", "{CC78F722-27A1-47D8-AD38-01DF59B51A3C}"
EndProject
Global
	GlobalSection(SolutionConfigurationPlatforms) = preSolution
		Debug|iPhoneSimulator = Debug|iPhoneSimulator
		Release|iPhoneSimulator = Release|iPhoneSimulator
		Debug|iPhone = Debug|iPhone
		Release|iPhone = Release|iPhone
		Ad-Hoc|iPhone = Ad-Hoc|iPhone
		AppStore|iPhone = AppStore|iPhone
	EndGlobalSection
	GlobalSection(ProjectConfigurationPlatforms) = postSolution
		{E2ACAD68-A290-4F20-9760-ED860F906550}.Debug|iPhoneSimulator.ActiveCfg = Debug|iPhoneSimulator
		{E2ACAD68-A290-4F20-9760-ED860F906550}.Debug|iPhoneSimulator.Build.0 = Debug|iPhoneSimulator
		{E2ACAD68-A290-4F20-9760-ED860F906550}.Release|iPhoneSimulator.ActiveCfg = Release|iPhoneSimulator
		{E2ACAD68-A290-4F20-9760-ED860F906550}.Release|iPhoneSimulator.Build.0 = Release|iPhoneSimulator
		{E2ACAD68-A290-4F20-9760-ED860F906550}.Debug|iPhone.ActiveCfg = Debug|iPhone
		{E2ACAD68-A290-4F20-9760-ED860F906550}.Debug|iPhone.Build.0 = Debug|iPhone
		{E2ACAD68-A290-4F20-9760-ED860F906550}.Release|iPhone.ActiveCfg = Release|iPhone
		{E2ACAD68-A290-4F20-9760-ED860F906550}.Release|iPhone.Build.0 = Release|iPhone
		{E2ACAD68-A290-4F20-9760-ED860F906550}.Ad-Hoc|iPhone.ActiveCfg = Debug|iPhone
		{E2ACAD68-A290-4F20-9760-ED860F906550}.Ad-Hoc|iPhone.Build.0 = Debug|iPhone
		{E2ACAD68-A290-4F20-9760-ED860F906550}.AppStore|iPhone.ActiveCfg = Debug|iPhone
		{E2ACAD68-A290-4F20-9760-ED860F906550}.AppStore|iPhone.Build.0 = Debug|iPhone
		{8AEA81EA-998C-4705-897F-23C4B02F6AD2}.Debug|iPhoneSimulator.ActiveCfg = Debug|Any CPU
		{8AEA81EA-998C-4705-897F-23C4B02F6AD2}.Debug|iPhoneSimulator.Build.0 = Debug|Any CPU
		{8AEA81EA-998C-4705-897F-23C4B02F6AD2}.Release|iPhoneSimulator.ActiveCfg = Release|Any CPU
		{8AEA81EA-998C-4705-897F-23C4B02F6AD2}.Release|iPhoneSimulator.Build.0 = Release|Any CPU
		{8AEA81EA-998C-4705-897F-23C4B02F6AD2}.Debug|iPhone.ActiveCfg = Debug|Any CPU
		{8AEA81EA-998C-4705-897F-23C4B02F6AD2}.Debug|iPhone.Build.0 = Debug|Any CPU
		{8AEA81EA-998C-4705-897F-23C4B02F6AD2}.Release|iPhone.ActiveCfg = Release|Any CPU
		{8AEA81EA-998C-4705-897F-23C4B02F6AD2}.Release|iPhone.Build.0 = Release|Any CPU
		{8AEA81EA-998C-4705-897F-23C4B02F6AD2}.Ad-Hoc|iPhone.ActiveCfg = Debug|Any CPU
		{8AEA81EA-998C-4705-897F-23C4B02F6AD2}.Ad-Hoc|iPhone.Build.0 = Debug|Any CPU
		{8AEA81EA-998C-4705-897F-23C4B02F6AD2}.AppStore|iPhone.ActiveCfg = Debug|Any CPU
		{8AEA81EA-998C-4705-897F-23C4B02F6AD2}.AppStore|iPhone.Build.0 = Debug|Any CPU
		{CC78F722-27A1-47D8-AD38-01DF59B51A3C}.Debug|iPhoneSimulator.ActiveCfg = Debug|Any CPU
		{CC78F722-27A1-47D8-AD38-01DF59B51A3C}.Debug|iPhoneSimulator.Build.0 = Debug|Any CPU
		{CC78F722-27A1-47D8-AD38-01DF59B51A3C}.Release|iPhoneSimulator.ActiveCfg = Release|Any CPU
		{CC78F722-27A1-47D8-AD38-01DF59B51A3C}.Release|iPhoneSimulator.Build.0 = Release|Any CPU
		{CC78F722-27A1-47D8-AD38-01DF59B51A3C}.Debug|iPhone.ActiveCfg = Debug|Any CPU
		{CC78F722-27A1-47D8-AD38-01DF59B51A3C}.Debug|iPhone.Build.0 = Debug|Any CPU
		{CC78F722-27A1-47D8-AD38-01DF59B51A3C}.Release|iPhone.ActiveCfg = Release|Any CPU
		{CC78F722-27A1-47D8-AD38-01DF59B51A3C}.Release|iPhone.Build.0 = Release|Any CPU
		{CC78F722-27A1-47D8-AD38-01DF59B51A3C}.Ad-Hoc|iPhone.ActiveCfg = Debug|Any CPU
		{CC78F722-27A1-47D8-AD38-01DF59B51A3C}.Ad-Hoc|iPhone.Build.0 = Debug|Any CPU
		{CC78F722-27A1-47D8-AD38-01DF59B51A3C}.AppStore|iPhone.ActiveCfg = Debug|Any CPU
		{CC78F722-27A1-47D8-AD38-01DF59B51A3C}.AppStore|iPhone.Build.0 = Debug|Any CPU
	EndGlobalSection
EndGlobal
